
Microsoft Visual Studio Solution File, Format Version 12.00
# Visual Studio Version 17
VisualStudioVersion = 17.14.37516.0 d17.14
MinimumVisualStudioVersion = 10.0.40219.1
Project("{FAE04EC0-301F-11D3-BF4B-00C04F79EFBC}") = "taller vectores", "taller vectores\taller vectores.csproj", "{87625E47-3D37-48BE-9CF7-7CE956AA5DED}"
EndProject
Global
	GlobalSection(SolutionConfigurationPlatforms) = preSolution
		Debug|Any CPU = Debug|Any CPU
		Release|Any CPU = Release|Any CPU
	EndGlobalSection
	GlobalSection(ProjectConfigurationPlatforms) = postSolution
		{87625E47-3D37-48BE-9CF7-7CE956AA5DED}.Debug|Any CPU.ActiveCfg = Debug|Any CPU
		{87625E47-3D37-48BE-9CF7-7CE956AA5DED}.Debug|Any CPU.Build.0 = Debug|Any CPU
		{87625E47-3D37-48BE-9CF7-7CE956AA5DED}.Release|Any CPU.ActiveCfg = Release|Any CPU
		{87625E47-3D37-48BE-9CF7-7CE956AA5DED}.Release|Any CPU.Build.0 = Release|Any CPU
	EndGlobalSection
	GlobalSection(SolutionProperties) = preSolution
		HideSolutionNode = FALSE
	EndGlobalSection
	GlobalSection(ExtensibilityGlobals) = postSolution
		SolutionGuid = {B3148BA3-D1C3-4C4B-A1B6-90C79EC90959}
	EndGlobalSection
EndGlobal
